{"filter":false,"title":"Gemfile.lock","tooltip":"/special-delivery/Gemfile.lock","undoManager":{"mark":-1,"position":-1,"stack":[]},"ace":{"folds":[],"scrolltop":0,"scrollleft":0,"selection":{"start":{"row":0,"column":0},"end":{"row":0,"column":0},"isBackwards":false},"options":{"guessTabSize":true,"useWrapMode":false,"wrapToView":true},"firstLineState":0},"timestamp":1536487560629,"hash":"4f815138662bc7bb63fca366de998cb7e6d4af53"}